// !$*UTF8*$!
{
	archiveVersion = 1;
	classes = {
	};
	objectVersion = 46;
	objects = {

/* Begin PBXBuildFile section */
		8AD6F7CC1C5AB4C8004BA29A /* AppDelegate.swift in Sources */ = {isa = PBXBuildFile; fileRef = 8AD6F7CB1C5AB4C8004BA29A /* AppDelegate.swift */; };
		8AD6F7CE1C5AB4C8004BA29A /* ViewController.swift in Sources */ = {isa = PBXBuildFile; fileRef = 8AD6F7CD1C5AB4C8004BA29A /* ViewController.swift */; };
		8AD6F7D11C5AB4C8004BA29A /* Main.storyboard in Resources */ = {isa = PBXBuildFile; fileRef = 8AD6F7CF1C5AB4C8004BA29A /* Main.storyboard */; };
		8AD6F7D31C5AB4C8004BA29A /* Assets.xcassets in Resources */ = {isa = PBXBuildFile; fileRef = 8AD6F7D21C5AB4C8004BA29A /* Assets.xcassets */; };
		8AD6F7D61C5AB4C8004BA29A /* LaunchScreen.storyboard in Resources */ = {isa = PBXBuildFile; fileRef = 8AD6F7D41C5AB4C8004BA29A /* LaunchScreen.storyboard */; };
		8AD6F7E11C5AB4C8004BA29A /* WirestormTests.swift in Sources */ = {isa = PBXBuildFile; fileRef = 8AD6F7E01C5AB4C8004BA29A /* WirestormTests.swift */; };
		8AD6F7EC1C5AB4C9004BA29A /* WirestormUITests.swift in Sources */ = {isa = PBXBuildFile; fileRef = 8AD6F7EB1C5AB4C9004BA29A /* WirestormUITests.swift */; };
/* End PBXBuildFile section */

/* Begin PBXContainerItemProxy section */
		8AD6F7DD1C5AB4C8004BA29A /* PBXContainerItemProxy */ = {
			isa = PBXContainerItemProxy;
			containerPortal = 8AD6F7C01C5AB4C8004BA29A /* Project object */;
			proxyType = 1;
			remoteGlobalIDString = 8AD6F7C71C5AB4C8004BA29A;
			remoteInfo = Wirestorm;
		};
		8AD6F7E81C5AB4C9004BA29A /* PBXContainerItemProxy */ = {
			isa = PBXContainerItemProxy;
			containerPortal = 8AD6F7C01C5AB4C8004BA29A /* Project object */;
			proxyType = 1;
			remoteGlobalIDString = 8AD6F7C71C5AB4C8004BA29A;
			remoteInfo = Wirestorm;
		};
/* End PBXContainerItemProxy section */

/* Begin PBXFileReference section */
		8AD6F7C81C5AB4C8004BA29A /* Wirestorm.app */ = {isa = PBXFileReference; explicitFileType = wrapper.application; includeInIndex = 0; path = Wirestorm.app; sourceTree = BUILT_PRODUCTS_DIR; };
		8AD6F7CB1C5AB4C8004BA29A /* AppDelegate.swift */ = {isa = PBXFileReference; lastKnownFileType = sourcecode.swift; path = AppDelegate.swift; sourceTree = "<group>"; };
		8AD6F7CD1C5AB4C8004BA29A /* ViewController.swift */ = {isa = PBXFileReference; lastKnownFileType = sourcecode.swift; path = ViewController.swift; sourceTree = "<group>"; };
		8AD6F7D01C5AB4C8004BA29A /* Base */ = {isa = PBXFileReference; lastKnownFileType = file.storyboard; name = Base; path = Base.lproj/Main.storyboard; sourceTree = "<group>"; };
		8AD6F7D21C5AB4C8004BA29A /* Assets.xcassets */ = {isa = PBXFileReference; lastKnownFileType = folder.assetcatalog; path = Assets.xcassets; sourceTree = "<group>"; };
		8AD6F7D51C5AB4C8004BA29A /* Base */ = {isa = PBXFileReference; lastKnownFileType = file.storyboard; name = Base; path = Base.lproj/LaunchScreen.storyboard; sourceTree = "<group>"; };
		8AD6F7D71C5AB4C8004BA29A /* Info.plist */ = {isa = PBXFileReference; lastKnownFileType = text.plist.xml; path = Info.plist; sourceTree = "<group>"; };
		8AD6F7DC1C5AB4C8004BA29A /* WirestormTests.xctest */ = {isa = PBXFileReference; explicitFileType = wrapper.cfbundle; includeInIndex = 0; path = WirestormTests.xctest; sourceTree = BUILT_PRODUCTS_DIR; };
		8AD6F7E01C5AB4C8004BA29A /* WirestormTests.swift */ = {isa = PBXFileReference; lastKnownFileType = sourcecode.swift; path = WirestormTests.swift; sourceTree = "<group>"; };
		8AD6F7E21C5AB4C8004BA29A /* Info.plist */ = {isa = PBXFileReference; lastKnownFileType = text.plist.xml; path = Info.plist; sourceTree = "<group>"; };
		8AD6F7E71C5AB4C9004BA29A /* WirestormUITests.xctest */ = {isa = PBXFileReference; explicitFileType = wrapper.cfbundle; includeInIndex = 0; path = WirestormUITests.xctest; sourceTree = BUILT_PRODUCTS_DIR; };
		8AD6F7EB1C5AB4C9004BA29A /* WirestormUITests.swift */ = {isa = PBXFileReference; lastKnownFileType = sourcecode.swift; path = WirestormUITests.swift; sourceTree = "<group>"; };
		8AD6F7ED1C5AB4C9004BA29A /* Info.plist */ = {isa = PBXFileReference; lastKnownFileType = text.plist.xml; path = Info.plist; sourceTree = "<group>"; };
/* End PBXFileReference section */

/* Begin PBXFrameworksBuildPhase section */
		8AD6F7C51C5AB4C8004BA29A /* Frameworks */ = {
			isa = PBXFrameworksBuildPhase;
			buildActionMask = 2147483647;
			files = (
			);
			runOnlyForDeploymentPostprocessing = 0;
		};
		8AD6F7D91C5AB4C8004BA29A /* Frameworks */ = {
			isa = PBXFrameworksBuildPhase;
			buildActionMask = 2147483647;
			files = (
			);
			runOnlyForDeploymentPostprocessing = 0;
		};
		8AD6F7E41C5AB4C9004BA29A /* Frameworks */ = {
			isa = PBXFrameworksBuildPhase;
			buildActionMask = 2147483647;
			files = (
			);
			runOnlyForDeploymentPostprocessing = 0;
		};
/* End PBXFrameworksBuildPhase section */

/* Begin PBXGroup section */
		8AD6F7BF1C5AB4C8004BA29A = {
			isa = PBXGroup;
			children = (
				8AD6F7CA1C5AB4C8004BA29A /* Wirestorm */,
				8AD6F7DF1C5AB4C8004BA29A /* WirestormTests */,
				8AD6F7EA1C5AB4C9004BA29A /* WirestormUITests */,
				8AD6F7C91C5AB4C8004BA29A /* Products */,
			);
			sourceTree = "<group>";
		};
		8AD6F7C91C5AB4C8004BA29A /* Products */ = {
			isa = PBXGroup;
			children = (
				8AD6F7C81C5AB4C8004BA29A /* Wirestorm.app */,
				8AD6F7DC1C5AB4C8004BA29A /* WirestormTests.xctest */,
				8AD6F7E71C5AB4C9004BA29A /* WirestormUITests.xctest */,
			);
			name = Products;
			sourceTree = "<group>";
		};
		8AD6F7CA1C5AB4C8004BA29A /* Wirestorm */ = {
			isa = PBXGroup;
			children = (
				8AD6F7CB1C5AB4C8004BA29A /* AppDelegate.swift */,
				8AD6F7CD1C5AB4C8004BA29A /* ViewController.swift */,
				8AD6F7CF1C5AB4C8004BA29A /* Main.storyboard */,
				8AD6F7D21C5AB4C8004BA29A /* Assets.xcassets */,
				8AD6F7D41C5AB4C8004BA29A /* LaunchScreen.storyboard */,
				8AD6F7D71C5AB4C8004BA29A /* Info.plist */,
			);
			path = Wirestorm;
			sourceTree = "<group>";
		};
		8AD6F7DF1C5AB4C8004BA29A /* WirestormTests */ = {
			isa = PBXGroup;
			children = (
				8AD6F7E01C5AB4C8004BA29A /* WirestormTests.swift */,
				8AD6F7E21C5AB4C8004BA29A /* Info.plist */,
			);
			path = WirestormTests;
			sourceTree = "<group>";
		};
		8AD6F7EA1C5AB4C9004BA29A /* WirestormUITests */ = {
			isa = PBXGroup;
			children = (
				8AD6F7EB1C5AB4C9004BA29A /* WirestormUITests.swift */,
				8AD6F7ED1C5AB4C9004BA29A /* Info.plist */,
			);
			path = WirestormUITests;
			sourceTree = "<group>";
		};
/* End PBXGroup section */

/* Begin PBXNativeTarget section */
		8AD6F7C71C5AB4C8004BA29A /* Wirestorm */ = {
			isa = PBXNativeTarget;
			buildConfigurationList = 8AD6F7F01C5AB4C9004BA29A /* Build configuration list for PBXNativeTarget "Wirestorm" */;
			buildPhases = (
				8AD6F7C41C5AB4C8004BA29A /* Sources */,
				8AD6F7C51C5AB4C8004BA29A /* Frameworks */,
				8AD6F7C61C5AB4C8004BA29A /* Resources */,
			);
			buildRules = (
			);
			dependencies = (
			);
			name = Wirestorm;
			productName = Wirestorm;
			productReference = 8AD6F7C81C5AB4C8004BA29A /* Wirestorm.app */;
			productType = "com.apple.product-type.application";
		};
		8AD6F7DB1C5AB4C8004BA29A /* WirestormTests */ = {
			isa = PBXNativeTarget;
			buildConfigurationList = 8AD6F7F31C5AB4C9004BA29A /* Build configuration list for PBXNativeTarget "WirestormTests" */;
			buildPhases = (
				8AD6F7D81C5AB4C8004BA29A /* Sources */,
				8AD6F7D91C5AB4C8004BA29A /* Frameworks */,
				8AD6F7DA1C5AB4C8004BA29A /* Resources */,
			);
			buildRules = (
			);
			dependencies = (
				8AD6F7DE1C5AB4C8004BA29A /* PBXTargetDependency */,
			);
			name = WirestormTests;
			productName = WirestormTests;
			productReference = 8AD6F7DC1C5AB4C8004BA29A /* WirestormTests.xctest */;
			productType = "com.apple.product-type.bundle.unit-test";
		};
		8AD6F7E61C5AB4C9004BA29A /* WirestormUITests */ = {
			isa = PBXNativeTarget;
			buildConfigurationList = 8AD6F7F61C5AB4C9004BA29A /* Build configuration list for PBXNativeTarget "WirestormUITests" */;
			buildPhases = (
				8AD6F7E31C5AB4C9004BA29A /* Sources */,
				8AD6F7E41C5AB4C9004BA29A /* Frameworks */,
				8AD6F7E51C5AB4C9004BA29A /* Resources */,
			);
			buildRules = (
			);
			dependencies = (
				8AD6F7E91C5AB4C9004BA29A /* PBXTargetDependency */,
			);
			name = WirestormUITests;
			productName = WirestormUITests;
			productReference = 8AD6F7E71C5AB4C9004BA29A /* WirestormUITests.xctest */;
			productType = "com.apple.product-type.bundle.ui-testing";
		};
/* End PBXNativeTarget section */

/* Begin PBXProject section */
		8AD6F7C01C5AB4C8004BA29A /* Project object */ = {
			isa = PBXProject;
			attributes = {
				LastSwiftUpdateCheck = 0720;
				LastUpgradeCheck = 0720;
				ORGANIZATIONNAME = "Blue Motion Labs";
				TargetAttributes = {
					8AD6F7C71C5AB4C8004BA29A = {
						CreatedOnToolsVersion = 7.2;
					};
					8AD6F7DB1C5AB4C8004BA29A = {
						CreatedOnToolsVersion = 7.2;
						TestTargetID = 8AD6F7C71C5AB4C8004BA29A;
					};
					8AD6F7E61C5AB4C9004BA29A = {
						CreatedOnToolsVersion = 7.2;
						TestTargetID = 8AD6F7C71C5AB4C8004BA29A;
					};
				};
			};
			buildConfigurationList = 8AD6F7C31C5AB4C8004BA29A /* Build configuration list for PBXProject "Wirestorm" */;
			compatibilityVersion = "Xcode 3.2";
			developmentRegion = English;
			hasScannedForEncodings = 0;
			knownRegions = (
				en,
				Base,
			);
			mainGroup = 8AD6F7BF1C5AB4C8004BA29A;
			productRefGroup = 8AD6F7C91C5AB4C8004BA29A /* Products */;
			projectDirPath = "";
			projectRoot = "";
			targets = (
				8AD6F7C71C5AB4C8004BA29A /* Wirestorm */,
				8AD6F7DB1C5AB4C8004BA29A /* WirestormTests */,
				8AD6F7E61C5AB4C9004BA29A /* WirestormUITests */,
			);
		};
/* End PBXProject section */

/* Begin PBXResourcesBuildPhase section */
		8AD6F7C61C5AB4C8004BA29A /* Resources */ = {
			isa = PBXResourcesBuildPhase;
			buildActionMask = 2147483647;
			files = (
				8AD6F7D61C5AB4C8004BA29A /* LaunchScreen.storyboard in Resources */,
				8AD6F7D31C5AB4C8004BA29A /* Assets.xcassets in Resources */,
				8AD6F7D11C5AB4C8004BA29A /* Main.storyboard in Resources */,
			);
			runOnlyForDeploymentPostprocessing = 0;
		};
		8AD6F7DA1C5AB4C8004BA29A /* Resources */ = {
			isa = PBXResourcesBuildPhase;
			buildActionMask = 2147483647;
			files = (
			);
			runOnlyForDeploymentPostprocessing = 0;
		};
		8AD6F7E51C5AB4C9004BA29A /* Resources */ = {
			isa = PBXResourcesBuildPhase;
			buildActionMask = 2147483647;
			files = (
			);
			runOnlyForDeploymentPostprocessing = 0;
		};
/* End PBXResourcesBuildPhase section */

/* Begin PBXSourcesBuildPhase section */
		8AD6F7C41C5AB4C8004BA29A /* Sources */ = {
			isa = PBXSourcesBuildPhase;
			buildActionMask = 2147483647;
			files = (
				8AD6F7CE1C5AB4C8004BA29A /* ViewController.swift in Sources */,
				8AD6F7CC1C5AB4C8004BA29A /* AppDelegate.swift in Sources */,
			);
			runOnlyForDeploymentPostprocessing = 0;
		};
		8AD6F7D81C5AB4C8004BA29A /* Sources */ = {
			isa = PBXSourcesBuildPhase;
			buildActionMask = 2147483647;
			files = (
				8AD6F7E11C5AB4C8004BA29A /* WirestormTests.swift in Sources */,
			);
			runOnlyForDeploymentPostprocessing = 0;
		};
		8AD6F7E31C5AB4C9004BA29A /* Sources */ = {
			isa = PBXSourcesBuildPhase;
			buildActionMask = 2147483647;
			files = (
				8AD6F7EC1C5AB4C9004BA29A /* WirestormUITests.swift in Sources */,
			);
			runOnlyForDeploymentPostprocessing = 0;
		};
/* End PBXSourcesBuildPhase section */

/* Begin PBXTargetDependency section */
		8AD6F7DE1C5AB4C8004BA29A /* PBXTargetDependency */ = {
			isa = PBXTargetDependency;
			target = 8AD6F7C71C5AB4C8004BA29A /* Wirestorm */;
			targetProxy = 8AD6F7DD1C5AB4C8004BA29A /* PBXContainerItemProxy */;
		};
		8AD6F7E91C5AB4C9004BA29A /* PBXTargetDependency */ = {
			isa = PBXTargetDependency;
			target = 8AD6F7C71C5AB4C8004BA29A /* Wirestorm */;
			targetProxy = 8AD6F7E81C5AB4C9004BA29A /* PBXContainerItemProxy */;
		};
/* End PBXTargetDependency section */

/* Begin PBXVariantGroup section */
		8AD6F7CF1C5AB4C8004BA29A /* Main.storyboard */ = {
			isa = PBXVariantGroup;
			children = (
				8AD6F7D01C5AB4C8004BA29A /* Base */,
			);
			name = Main.storyboard;
			sourceTree = "<group>";
		};
		8AD6F7D41C5AB4C8004BA29A /* LaunchScreen.storyboard */ = {
			isa = PBXVariantGroup;
			children = (
				8AD6F7D51C5AB4C8004BA29A /* Base */,
			);
			name = LaunchScreen.storyboard;
			sourceTree = "<group>";
		};
/* End PBXVariantGroup section */

/* Begin XCBuildConfiguration section */
		8AD6F7EE1C5AB4C9004BA29A /* Debug */ = {
			isa = XCBuildConfiguration;
			buildSettings = {
				ALWAYS_SEARCH_USER_PATHS = NO;
				CLANG_CXX_LANGUAGE_STANDARD = "gnu++0x";
				CLANG_CXX_LIBRARY = "libc++";
				CLANG_ENABLE_MODULES = YES;
				CLANG_ENABLE_OBJC_ARC = YES;
				CLANG_WARN_BOOL_CONVERSION = YES;
				CLANG_WARN_CONSTANT_CONVERSION = YES;
				CLANG_WARN_DIRECT_OBJC_ISA_USAGE = YES_ERROR;
				CLANG_WARN_EMPTY_BODY = YES;
				CLANG_WARN_ENUM_CONVERSION = YES;
				CLANG_WARN_INT_CONVERSION = YES;
				CLANG_WARN_OBJC_ROOT_CLASS = YES_ERROR;
				CLANG_WARN_UNREACHABLE_CODE = YES;
				CLANG_WARN__DUPLICATE_METHOD_MATCH = YES;
				"CODE_SIGN_IDENTITY[sdk=iphoneos*]" = "iPhone Developer";
				COPY_PHASE_STRIP = NO;
				DEBUG_INFORMATION_FORMAT = dwarf;
				ENABLE_STRICT_OBJC_MSGSEND = YES;
				ENABLE_TESTABILITY = YES;
				GCC_C_LANGUAGE_STANDARD = gnu99;
				GCC_DYNAMIC_NO_PIC = NO;
				GCC_NO_COMMON_BLOCKS = YES;
				GCC_OPTIMIZATION_LEVEL = 0;
				GCC_PREPROCESSOR_DEFINITIONS = (
					"DEBUG=1",
					"$(inherited)",
				);
				GCC_WARN_64_TO_32_BIT_CONVERSION = YES;
				GCC_WARN_ABOUT_RETURN_TYPE = YES_ERROR;
				GCC_WARN_UNDECLARED_SELECTOR = YES;
				GCC_WARN_UNINITIALIZED_AUTOS = YES_AGGRESSIVE;
				GCC_WARN_UNUSED_FUNCTION = YES;
				GCC_WARN_UNUSED_VARIABLE = YES;
				IPHONEOS_DEPLOYMENT_TARGET = 9.2;
				MTL_ENABLE_DEBUG_INFO = YES;
				ONLY_ACTIVE_ARCH = YES;
				SDKROOT = iphoneos;
				SWIFT_OPTIMIZATION_LEVEL = "-Onone";
				TARGETED_DEVICE_FAMILY = "1,2";
			};
			name = Debug;
		};
		8AD6F7EF1C5AB4C9004BA29A /* Release */ = {
			isa = XCBuildConfiguration;
			buildSettings = {
				ALWAYS_SEARCH_USER_PATHS = NO;
				CLANG_CXX_LANGUAGE_STANDARD = "gnu++0x";
				CLANG_CXX_LIBRARY = "libc++";
				CLANG_ENABLE_MODULES = YES;
				CLANG_ENABLE_OBJC_ARC = YES;
				CLANG_WARN_BOOL_CONVERSION = YES;
				CLANG_WARN_CONSTANT_CONVERSION = YES;
				CLANG_WARN_DIRECT_OBJC_ISA_USAGE = YES_ERROR;
				CLANG_WARN_EMPTY_BODY = YES;
				CLANG_WARN_ENUM_CONVERSION = YES;
				CLANG_WARN_INT_CONVERSION = YES;
				CLANG_WARN_OBJC_ROOT_CLASS = YES_ERROR;
				CLANG_WARN_UNREACHABLE_CODE = YES;
				CLANG_WARN__DUPLICATE_METHOD_MATCH = YES;
				"CODE_SIGN_IDENTITY[sdk=iphoneos*]" = "iPhone Developer";
				COPY_PHASE_STRIP = NO;
				DEBUG_INFORMATION_FORMAT = "dwarf-with-dsym";
				ENABLE_NS_ASSERTIONS = NO;
				ENABLE_STRICT_OBJC_MSGSEND = YES;
				GCC_C_LANGUAGE_STANDARD = gnu99;
				GCC_NO_COMMON_BLOCKS = YES;
				GCC_WARN_64_TO_32_BIT_CONVERSION = YES;
				GCC_WARN_ABOUT_RETURN_TYPE = YES_ERROR;
				GCC_WARN_UNDECLARED_SELECTOR = YES;
				GCC_WARN_UNINITIALIZED_AUTOS = YES_AGGRESSIVE;
				GCC_WARN_UNUSED_FUNCTION = YES;
				GCC_WARN_UNUSED_VARIABLE = YES;
				IPHONEOS_DEPLOYMENT_TARGET = 9.2;
				MTL_ENABLE_DEBUG_INFO = NO;
				SDKROOT = iphoneos;
				TARGETED_DEVICE_FAMILY = "1,2";
				VALIDATE_PRODUCT = YES;
			};
			name = Release;
		};
		8AD6F7F11C5AB4C9004BA29A /* Debug */ = {
			isa = XCBuildConfiguration;
			buildSettings = {
				ASSETCATALOG_COMPILER_APPICON_NAME = AppIcon;
				INFOPLIST_FILE = Wirestorm/Info.plist;
				LD_RUNPATH_SEARCH_PATHS = "$(inherited) @executable_path/Frameworks";
				PRODUCT_BUNDLE_IDENTIFIER = com.bluemotionlabs.Wirestorm;
				PRODUCT_NAME = "$(TARGET_NAME)";
			};
			name = Debug;
		};
		8AD6F7F21C5AB4C9004BA29A /* Release */ = {
			isa = XCBuildConfiguration;
			buildSettings = {
				ASSETCATALOG_COMPILER_APPICON_NAME = AppIcon;
				INFOPLIST_FILE = Wirestorm/Info.plist;
				LD_RUNPATH_SEARCH_PATHS = "$(inherited) @executable_path/Frameworks";
				PRODUCT_BUNDLE_IDENTIFIER = com.bluemotionlabs.Wirestorm;
				PRODUCT_NAME = "$(TARGET_NAME)";
			};
			name = Release;
		};
		8AD6F7F41C5AB4C9004BA29A /* Debug */ = {
			isa = XCBuildConfiguration;
			buildSettings = {
				BUNDLE_LOADER = "$(TEST_HOST)";
				INFOPLIST_FILE = WirestormTests/Info.plist;
				LD_RUNPATH_SEARCH_PATHS = "$(inherited) @executable_path/Frameworks @loader_path/Frameworks";
				PRODUCT_BUNDLE_IDENTIFIER = com.bluemotionlabs.WirestormTests;
				PRODUCT_NAME = "$(TARGET_NAME)";
				TEST_HOST = "$(BUILT_PRODUCTS_DIR)/Wirestorm.app/Wirestorm";
			};
			name = Debug;
		};
		8AD6F7F51C5AB4C9004BA29A /* Release */ = {
			isa = XCBuildConfiguration;
			buildSettings = {
				BUNDLE_LOADER = "$(TEST_HOST)";
				INFOPLIST_FILE = WirestormTests/Info.plist;
				LD_RUNPATH_SEARCH_PATHS = "$(inherited) @executable_path/Frameworks @loader_path/Frameworks";
				PRODUCT_BUNDLE_IDENTIFIER = com.bluemotionlabs.WirestormTests;
				PRODUCT_NAME = "$(TARGET_NAME)";
				TEST_HOST = "$(BUILT_PRODUCTS_DIR)/Wirestorm.app/Wirestorm";
			};
			name = Release;
		};
		8AD6F7F71C5AB4C9004BA29A /* Debug */ = {
			isa = XCBuildConfiguration;
			buildSettings = {
				INFOPLIST_FILE = WirestormUITests/Info.plist;
				LD_RUNPATH_SEARCH_PATHS = "$(inherited) @executable_path/Frameworks @loader_path/Frameworks";
				PRODUCT_BUNDLE_IDENTIFIER = com.bluemotionlabs.WirestormUITests;
				PRODUCT_NAME = "$(TARGET_NAME)";
				TEST_TARGET_NAME = Wirestorm;
				USES_XCTRUNNER = YES;
			};
			name = Debug;
		};
		8AD6F7F81C5AB4C9004BA29A /* Release */ = {
			isa = XCBuildConfiguration;
			buildSettings = {
				INFOPLIST_FILE = WirestormUITests/Info.plist;
				LD_RUNPATH_SEARCH_PATHS = "$(inherited) @executable_path/Frameworks @loader_path/Frameworks";
				PRODUCT_BUNDLE_IDENTIFIER = com.bluemotionlabs.WirestormUITests;
				PRODUCT_NAME = "$(TARGET_NAME)";
				TEST_TARGET_NAME = Wirestorm;
				USES_XCTRUNNER = YES;
			};
			name = Release;
		};
/* End XCBuildConfiguration section */

/* Begin XCConfigurationList section */
		8AD6F7C31C5AB4C8004BA29A /* Build configuration list for PBXProject "Wirestorm" */ = {
			isa = XCConfigurationList;
			buildConfigurations = (
				8AD6F7EE1C5AB4C9004BA29A /* Debug */,
				8AD6F7EF1C5AB4C9004BA29A /* Release */,
			);
			defaultConfigurationIsVisible = 0;
			defaultConfigurationName = Release;
		};
		8AD6F7F01C5AB4C9004BA29A /* Build configuration list for PBXNativeTarget "Wirestorm" */ = {
			isa = XCConfigurationList;
			buildConfigurations = (
				8AD6F7F11C5AB4C9004BA29A /* Debug */,
				8AD6F7F21C5AB4C9004BA29A /* Release */,
			);
			defaultConfigurationIsVisible = 0;
		};
		8AD6F7F31C5AB4C9004BA29A /* Build configuration list for PBXNativeTarget "WirestormTests" */ = {
			isa = XCConfigurationList;
			buildConfigurations = (
				8AD6F7F41C5AB4C9004BA29A /* Debug */,
				8AD6F7F51C5AB4C9004BA29A /* Release */,
			);
			defaultConfigurationIsVisible = 0;
		};
		8AD6F7F61C5AB4C9004BA29A /* Build configuration list for PBXNativeTarget "WirestormUITests" */ = {
			isa = XCConfigurationList;
			buildConfigurations = (
				8AD6F7F71C5AB4C9004BA29A /* Debug */,
				8AD6F7F81C5AB4C9004BA29A /* Release */,
			);
			defaultConfigurationIsVisible = 0;
		};
/* End XCConfigurationList section */
	};
	rootObject = 8AD6F7C01C5AB4C8004BA29A /* Project object */;
}
